
Microsoft Visual Studio Solution File, Format Version 11.00
# Visual Studio 2010
Project("{FAE04EC0-301F-11D3-BF4B-00C04F79EFBC}") = "ProjetoSiteNoticias", "ProjetoSiteNoticias\ProjetoSiteNoticias.csproj", "{8CC2BF4D-EEFC-4BB4-8317-AA590E29EAFD}"
EndProject
Global
	GlobalSection(SolutionConfigurationPlatforms) = preSolution
		Debug|Any CPU = Debug|Any CPU
		Release|Any CPU = Release|Any CPU
	EndGlobalSection
	GlobalSection(ProjectConfigurationPlatforms) = postSolution
		{8CC2BF4D-EEFC-4BB4-8317-AA590E29EAFD}.Debug|Any CPU.ActiveCfg = Debug|Any CPU
		{8CC2BF4D-EEFC-4BB4-8317-AA590E29EAFD}.Debug|Any CPU.Build.0 = Debug|Any CPU
		{8CC2BF4D-EEFC-4BB4-8317-AA590E29EAFD}.Release|Any CPU.ActiveCfg = Release|Any CPU
		{8CC2BF4D-EEFC-4BB4-8317-AA590E29EAFD}.Release|Any CPU.Build.0 = Release|Any CPU
	EndGlobalSection
	GlobalSection(SolutionProperties) = preSolution
		HideSolutionNode = FALSE
	EndGlobalSection
EndGlobal
